
Microsoft Visual Studio Solution File, Format Version 12.00
# Visual Studio 2012
Project("{FAE04EC0-301F-11D3-BF4B-00C04F79EFBC}") = "Rivet", "Rivet.csproj", "{E987DC29-C1B0-4C9A-B8A3-46823E636087}"
EndProject
Project("{FAE04EC0-301F-11D3-BF4B-00C04F79EFBC}") = "Rivet.Test", "Test\Rivet.Test.csproj", "{7BF888CB-5E1D-42A2-B277-6E18E06F6AC8}"
EndProject
Global
	GlobalSection(SolutionConfigurationPlatforms) = preSolution
		Debug|Any CPU = Debug|Any CPU
		Release|Any CPU = Release|Any CPU
	EndGlobalSection
	GlobalSection(ProjectConfigurationPlatforms) = postSolution
		{E987DC29-C1B0-4C9A-B8A3-46823E636087}.Debug|Any CPU.ActiveCfg = Debug|Any CPU
		{E987DC29-C1B0-4C9A-B8A3-46823E636087}.Debug|Any CPU.Build.0 = Debug|Any CPU
		{E987DC29-C1B0-4C9A-B8A3-46823E636087}.Release|Any CPU.ActiveCfg = Release|Any CPU
		{E987DC29-C1B0-4C9A-B8A3-46823E636087}.Release|Any CPU.Build.0 = Release|Any CPU
		{7BF888CB-5E1D-42A2-B277-6E18E06F6AC8}.Debug|Any CPU.ActiveCfg = Debug|Any CPU
		{7BF888CB-5E1D-42A2-B277-6E18E06F6AC8}.Debug|Any CPU.Build.0 = Debug|Any CPU
		{7BF888CB-5E1D-42A2-B277-6E18E06F6AC8}.Release|Any CPU.ActiveCfg = Release|Any CPU
		{7BF888CB-5E1D-42A2-B277-6E18E06F6AC8}.Release|Any CPU.Build.0 = Release|Any CPU
	EndGlobalSection
	GlobalSection(SolutionProperties) = preSolution
		HideSolutionNode = FALSE
	EndGlobalSection
EndGlobal
