
Microsoft Visual Studio Solution File, Format Version 12.00
# Visual Studio Version 16
VisualStudioVersion = 16.0.29926.136
MinimumVisualStudioVersion = 10.0.40219.1
Project("{9A19103F-16F7-4668-BE54-9A1E7A4F7556}") = "Rivet", "Rivet.csproj", "{E987DC29-C1B0-4C9A-B8A3-46823E636087}"
EndProject
Project("{9A19103F-16F7-4668-BE54-9A1E7A4F7556}") = "Rivet.Test", "Test\Rivet.Test.csproj", "{DE11F398-E08E-40CF-AD32-E3DC238A1F0A}"
EndProject
Project("{FAE04EC0-301F-11D3-BF4B-00C04F79EFBC}") = "Rivet.Test.Fake", "Rivet.Test.Fake\Rivet.Test.Fake.csproj", "{091CF9D7-E693-4F71-8324-93DF69ED69B7}"
EndProject
Global
	GlobalSection(SolutionConfigurationPlatforms) = preSolution
		Debug|Any CPU = Debug|Any CPU
		Release|Any CPU = Release|Any CPU
	EndGlobalSection
	GlobalSection(ProjectConfigurationPlatforms) = postSolution
		{E987DC29-C1B0-4C9A-B8A3-46823E636087}.Debug|Any CPU.ActiveCfg = Debug|Any CPU
		{E987DC29-C1B0-4C9A-B8A3-46823E636087}.Debug|Any CPU.Build.0 = Debug|Any CPU
		{E987DC29-C1B0-4C9A-B8A3-46823E636087}.Release|Any CPU.ActiveCfg = Release|Any CPU
		{E987DC29-C1B0-4C9A-B8A3-46823E636087}.Release|Any CPU.Build.0 = Release|Any CPU
		{DE11F398-E08E-40CF-AD32-E3DC238A1F0A}.Debug|Any CPU.ActiveCfg = Debug|Any CPU
		{DE11F398-E08E-40CF-AD32-E3DC238A1F0A}.Debug|Any CPU.Build.0 = Debug|Any CPU
		{DE11F398-E08E-40CF-AD32-E3DC238A1F0A}.Release|Any CPU.ActiveCfg = Release|Any CPU
		{DE11F398-E08E-40CF-AD32-E3DC238A1F0A}.Release|Any CPU.Build.0 = Release|Any CPU
		{091CF9D7-E693-4F71-8324-93DF69ED69B7}.Debug|Any CPU.ActiveCfg = Debug|Any CPU
		{091CF9D7-E693-4F71-8324-93DF69ED69B7}.Debug|Any CPU.Build.0 = Debug|Any CPU
		{091CF9D7-E693-4F71-8324-93DF69ED69B7}.Release|Any CPU.ActiveCfg = Release|Any CPU
		{091CF9D7-E693-4F71-8324-93DF69ED69B7}.Release|Any CPU.Build.0 = Release|Any CPU
	EndGlobalSection
	GlobalSection(SolutionProperties) = preSolution
		HideSolutionNode = FALSE
	EndGlobalSection
	GlobalSection(ExtensibilityGlobals) = postSolution
		SolutionGuid = {A2A222AC-9016-4A42-A289-8D6A986F5D9F}
	EndGlobalSection
EndGlobal
